
Microsoft Visual Studio Solution File, Format Version 12.00
# Visual Studio Version 16
VisualStudioVersion = 16.0.30002.166
MinimumVisualStudioVersion = 10.0.40219.1
Project("{9A19103F-16F7-4668-BE54-9A1E7A4F7556}") = "DeliveryMomentMessageGenerator", "DeliveryMomentMessageGenerator\DeliveryMomentMessageGenerator.csproj", "{FB6F4C4B-B517-4AC0-ABDD-9117BC397600}"
EndProject
Project("{9A19103F-16F7-4668-BE54-9A1E7A4F7556}") = "DeliveryMomentReferenceRepository", "DeliveryMomentReferenceRepository\DeliveryMomentReferenceRepository.csproj", "{83F00309-8F7B-48AD-83CA-589984B736C8}"
EndProject
Project("{9A19103F-16F7-4668-BE54-9A1E7A4F7556}") = "DeliveryMomentReferenceServices", "DeliveryMomentReferenceServices\DeliveryMomentReferenceServices.csproj", "{C5E024FE-3AD4-47FA-AFF8-FEB22FB7D194}"
EndProject
Project("{9A19103F-16F7-4668-BE54-9A1E7A4F7556}") = "DeliveryMomentReferenceModel", "DeliveryMomentReferenceModel\DeliveryMomentReferenceModel.csproj", "{54ED4991-999D-4BC5-AE6D-7363D685720D}"
EndProject
Project("{FAE04EC0-301F-11D3-BF4B-00C04F79EFBC}") = "DeliveryMomentMessageProcesser", "DeliveryMomentMessageProcesser\DeliveryMomentMessageProcesser.csproj", "{4932A05A-71C9-4211-950C-36492E6990AA}"
EndProject
Project("{E53339B2-1760-4266-BCC7-CA923CBCF16C}") = "docker-compose", "docker-compose.dcproj", "{63188809-A1F9-4F95-BBA9-99E02479C9EB}"
EndProject
Project("{FAE04EC0-301F-11D3-BF4B-00C04F79EFBC}") = "DeliveryMomentMessageHandler", "DeliveryMomentMessageHandler\DeliveryMomentMessageHandler.csproj", "{7ABDDA1B-9739-492D-A1A8-651995976B5A}"
EndProject
Global
	GlobalSection(SolutionConfigurationPlatforms) = preSolution
		Debug|Any CPU = Debug|Any CPU
		Release|Any CPU = Release|Any CPU
	EndGlobalSection
	GlobalSection(ProjectConfigurationPlatforms) = postSolution
		{FB6F4C4B-B517-4AC0-ABDD-9117BC397600}.Debug|Any CPU.ActiveCfg = Debug|Any CPU
		{FB6F4C4B-B517-4AC0-ABDD-9117BC397600}.Debug|Any CPU.Build.0 = Debug|Any CPU
		{FB6F4C4B-B517-4AC0-ABDD-9117BC397600}.Release|Any CPU.ActiveCfg = Release|Any CPU
		{FB6F4C4B-B517-4AC0-ABDD-9117BC397600}.Release|Any CPU.Build.0 = Release|Any CPU
		{83F00309-8F7B-48AD-83CA-589984B736C8}.Debug|Any CPU.ActiveCfg = Debug|Any CPU
		{83F00309-8F7B-48AD-83CA-589984B736C8}.Debug|Any CPU.Build.0 = Debug|Any CPU
		{83F00309-8F7B-48AD-83CA-589984B736C8}.Release|Any CPU.ActiveCfg = Release|Any CPU
		{83F00309-8F7B-48AD-83CA-589984B736C8}.Release|Any CPU.Build.0 = Release|Any CPU
		{C5E024FE-3AD4-47FA-AFF8-FEB22FB7D194}.Debug|Any CPU.ActiveCfg = Debug|Any CPU
		{C5E024FE-3AD4-47FA-AFF8-FEB22FB7D194}.Debug|Any CPU.Build.0 = Debug|Any CPU
		{C5E024FE-3AD4-47FA-AFF8-FEB22FB7D194}.Release|Any CPU.ActiveCfg = Release|Any CPU
		{C5E024FE-3AD4-47FA-AFF8-FEB22FB7D194}.Release|Any CPU.Build.0 = Release|Any CPU
		{54ED4991-999D-4BC5-AE6D-7363D685720D}.Debug|Any CPU.ActiveCfg = Debug|Any CPU
		{54ED4991-999D-4BC5-AE6D-7363D685720D}.Debug|Any CPU.Build.0 = Debug|Any CPU
		{54ED4991-999D-4BC5-AE6D-7363D685720D}.Release|Any CPU.ActiveCfg = Release|Any CPU
		{54ED4991-999D-4BC5-AE6D-7363D685720D}.Release|Any CPU.Build.0 = Release|Any CPU
		{4932A05A-71C9-4211-950C-36492E6990AA}.Debug|Any CPU.ActiveCfg = Debug|Any CPU
		{4932A05A-71C9-4211-950C-36492E6990AA}.Debug|Any CPU.Build.0 = Debug|Any CPU
		{4932A05A-71C9-4211-950C-36492E6990AA}.Release|Any CPU.ActiveCfg = Release|Any CPU
		{4932A05A-71C9-4211-950C-36492E6990AA}.Release|Any CPU.Build.0 = Release|Any CPU
		{63188809-A1F9-4F95-BBA9-99E02479C9EB}.Debug|Any CPU.ActiveCfg = Debug|Any CPU
		{63188809-A1F9-4F95-BBA9-99E02479C9EB}.Debug|Any CPU.Build.0 = Debug|Any CPU
		{63188809-A1F9-4F95-BBA9-99E02479C9EB}.Release|Any CPU.ActiveCfg = Release|Any CPU
		{63188809-A1F9-4F95-BBA9-99E02479C9EB}.Release|Any CPU.Build.0 = Release|Any CPU
		{7ABDDA1B-9739-492D-A1A8-651995976B5A}.Debug|Any CPU.ActiveCfg = Debug|Any CPU
		{7ABDDA1B-9739-492D-A1A8-651995976B5A}.Debug|Any CPU.Build.0 = Debug|Any CPU
		{7ABDDA1B-9739-492D-A1A8-651995976B5A}.Release|Any CPU.ActiveCfg = Release|Any CPU
		{7ABDDA1B-9739-492D-A1A8-651995976B5A}.Release|Any CPU.Build.0 = Release|Any CPU
	EndGlobalSection
	GlobalSection(SolutionProperties) = preSolution
		HideSolutionNode = FALSE
	EndGlobalSection
	GlobalSection(ExtensibilityGlobals) = postSolution
		SolutionGuid = {D631EA39-FE30-4E14-AB00-A1A4B9645863}
	EndGlobalSection
EndGlobal
